
Microsoft Visual Studio Solution File, Format Version 12.00
# Visual Studio Version 17
VisualStudioVersion = 17.14.36221.1 d17.14
MinimumVisualStudioVersion = 10.0.40219.1
Project("{FAE04EC0-301F-11D3-BF4B-00C04F79EFBC}") = "HadaManagerAPI", "HadaManagerAPI\HadaManagerAPI.csproj", "{3625D529-14D8-4D7E-9721-0B9AC6A3CFEF}"
EndProject
Global
	GlobalSection(SolutionConfigurationPlatforms) = preSolution
		Debug|Any CPU = Debug|Any CPU
		Release|Any CPU = Release|Any CPU
	EndGlobalSection
	GlobalSection(ProjectConfigurationPlatforms) = postSolution
		{3625D529-14D8-4D7E-9721-0B9AC6A3CFEF}.Debug|Any CPU.ActiveCfg = Debug|Any CPU
		{3625D529-14D8-4D7E-9721-0B9AC6A3CFEF}.Debug|Any CPU.Build.0 = Debug|Any CPU
		{3625D529-14D8-4D7E-9721-0B9AC6A3CFEF}.Release|Any CPU.ActiveCfg = Release|Any CPU
		{3625D529-14D8-4D7E-9721-0B9AC6A3CFEF}.Release|Any CPU.Build.0 = Release|Any CPU
	EndGlobalSection
	GlobalSection(SolutionProperties) = preSolution
		HideSolutionNode = FALSE
	EndGlobalSection
	GlobalSection(ExtensibilityGlobals) = postSolution
		SolutionGuid = {66F41572-EE81-40A7-BAB2-02595B501420}
	EndGlobalSection
EndGlobal
